<?xml version="1.0" encoding="utf-8"?>
<Project ToolsVersion="4.0" xmlns="http://schemas.microsoft.com/developer/msbuild/2003">
  <ItemGroup>
    <Filter Include="리소스 파일">
      <UniqueIdentifier>{67DA6AB6-F800-4c08-8B7A-83BB121AAD01}</UniqueIdentifier>
      <Extensions>rc;ico;cur;bmp;dlg;rc2;rct;bin;rgs;gif;jpg;jpeg;jpe;resx;tiff;tif;png;wav;mfcribbon-ms</Extensions>
    </Filter>
    <Filter Include="Input">
      <UniqueIdentifier>{f036a5ce-fb29-4216-b328-1e02f18c8dd9}</UniqueIdentifier>
    </Filter>
    <Filter Include="Windows">
      <UniqueIdentifier>{92d029f9-d43b-4d56-a442-19b848596147}</UniqueIdentifier>
    </Filter>
    <Filter Include="Utils">
      <UniqueIdentifier>{18f90212-b1dd-49c0-aea4-0496f1649c09}</UniqueIdentifier>
    </Filter>
    <Filter Include="Shader">
      <UniqueIdentifier>{abb4aaff-1e49-4337-94a3-38ac75b586c0}</UniqueIdentifier>
    </Filter>
    <Filter Include="Bindable">
      <UniqueIdentifier>{201d79c0-3f98-4539-b3ef-4ae635b7338e}</UniqueIdentifier>
    </Filter>
    <Filter Include="Drawable">
      <UniqueIdentifier>{a4951758-8e7f-4684-93f4-d704fca600b9}</UniqueIdentifier>
    </Filter>
    <Filter Include="ErrorHandling">
      <UniqueIdentifier>{3996aca6-f6fa-48a0-b5ad-2e84d09c8d2a}</UniqueIdentifier>
    </Filter>
    <Filter Include="Main">
      <UniqueIdentifier>{a7b21ef6-4a7d-4d36-865f-aa793d443098}</UniqueIdentifier>
    </Filter>
    <Filter Include="GDI+">
      <UniqueIdentifier>{80573802-48a4-48cf-b031-04c61a539a49}</UniqueIdentifier>
    </Filter>
    <Filter Include="Drawable\Primitive">
      <UniqueIdentifier>{ebb4dafc-6b87-491f-86b7-1af10932143e}</UniqueIdentifier>
    </Filter>
    <Filter Include="Imgui">
      <UniqueIdentifier>{905af3c1-b806-4c3e-b946-1d6becf30882}</UniqueIdentifier>
    </Filter>
    <Filter Include="Light">
      <UniqueIdentifier>{069563d9-8548-47b1-a5c8-ffb73ffffaca}</UniqueIdentifier>
    </Filter>
  </ItemGroup>
  <ItemGroup>
    <ClCompile Include="Bindable\InputLayout.cpp">
      <Filter>Bindable</Filter>
    </ClCompile>
    <ClCompile Include="Bindable\PixelShader.cpp">
      <Filter>Bindable</Filter>
    </ClCompile>
    <ClCompile Include="Bindable\Topology.cpp">
      <Filter>Bindable</Filter>
    </ClCompile>
    <ClCompile Include="Bindable\TransformCbuf.cpp">
      <Filter>Bindable</Filter>
    </ClCompile>
    <ClCompile Include="Bindable\VertexBuffer.cpp">
      <Filter>Bindable</Filter>
    </ClCompile>
    <ClCompile Include="Bindable\VertexShader.cpp">
      <Filter>Bindable</Filter>
    </ClCompile>
    <ClCompile Include="Bindable\Bindable.cpp">
      <Filter>Bindable</Filter>
    </ClCompile>
    <ClCompile Include="Bindable\IndexBuffer.cpp">
      <Filter>Bindable</Filter>
    </ClCompile>
    <ClCompile Include="Drawable\Drawable.cpp">
      <Filter>Drawable</Filter>
    </ClCompile>
    <ClCompile Include="ErrorHandling\DxgiInfoManager.cpp">
      <Filter>ErrorHandling</Filter>
    </ClCompile>
    <ClCompile Include="ErrorHandling\CustomException.cpp">
      <Filter>ErrorHandling</Filter>
    </ClCompile>
    <ClCompile Include="ErrorHandling\dxerr.cpp">
      <Filter>ErrorHandling</Filter>
    </ClCompile>
    <ClCompile Include="Utils\GameTimer.cpp">
      <Filter>Utils</Filter>
    </ClCompile>
    <ClCompile Include="Windows\WindowsMessageMap.cpp">
      <Filter>Windows</Filter>
    </ClCompile>
    <ClCompile Include="Windows\Window.cpp">
      <Filter>Windows</Filter>
    </ClCompile>
    <ClCompile Include="Graphics.cpp">
      <Filter>Main</Filter>
    </ClCompile>
    <ClCompile Include="WinMain.cpp">
      <Filter>Main</Filter>
    </ClCompile>
    <ClCompile Include="App.cpp">
      <Filter>Main</Filter>
    </ClCompile>
    <ClCompile Include="Input\Mouse.cpp">
      <Filter>Input</Filter>
    </ClCompile>
    <ClCompile Include="Input\Keyboard.cpp">
      <Filter>Input</Filter>
    </ClCompile>
    <ClCompile Include="GDI+\Surface.cpp">
      <Filter>GDI+</Filter>
    </ClCompile>
    <ClCompile Include="GDI+\GDIPlusManager.cpp">
      <Filter>GDI+</Filter>
    </ClCompile>
    <ClCompile Include="Bindable\Texture.cpp">
      <Filter>Bindable</Filter>
    </ClCompile>
    <ClCompile Include="Bindable\Sampler.cpp">
      <Filter>Bindable</Filter>
    </ClCompile>
    <ClCompile Include="Imgui\imgui_tables.cpp">
      <Filter>Imgui</Filter>
    </ClCompile>
    <ClCompile Include="Imgui\imgui_widgets.cpp">
      <Filter>Imgui</Filter>
    </ClCompile>
    <ClCompile Include="Imgui\imgui.cpp">
      <Filter>Imgui</Filter>
    </ClCompile>
    <ClCompile Include="Imgui\imgui_draw.cpp">
      <Filter>Imgui</Filter>
    </ClCompile>
    <ClCompile Include="Imgui\imgui_impl_dx11.cpp">
      <Filter>Imgui</Filter>
    </ClCompile>
    <ClCompile Include="Imgui\imgui_impl_win32.cpp">
      <Filter>Imgui</Filter>
    </ClCompile>
    <ClCompile Include="Imgui\ImguiManager.cpp">
      <Filter>Imgui</Filter>
    </ClCompile>
    <ClCompile Include="Imgui\imgui_demo.cpp">
      <Filter>Imgui</Filter>
    </ClCompile>
    <ClCompile Include="Camera.cpp">
      <Filter>Main</Filter>
    </ClCompile>
    <ClCompile Include="Drawable\SolidSphere.cpp">
      <Filter>Drawable</Filter>
    </ClCompile>
    <ClCompile Include="Light\PointLight.cpp">
      <Filter>Light</Filter>
    </ClCompile>
    <ClCompile Include="Mesh.cpp">
      <Filter>Drawable</Filter>
    </ClCompile>
    <ClCompile Include="Bindable\Vertex.cpp">
      <Filter>Bindable</Filter>
    </ClCompile>
    <ClCompile Include="TestPlane.cpp">
      <Filter>Drawable</Filter>
    </ClCompile>
  </ItemGroup>
  <ItemGroup>
    <ClInclude Include="Bindable\InputLayout.h">
      <Filter>Bindable</Filter>
    </ClInclude>
    <ClInclude Include="Bindable\PixelShader.h">
      <Filter>Bindable</Filter>
    </ClInclude>
    <ClInclude Include="Bindable\Topology.h">
      <Filter>Bindable</Filter>
    </ClInclude>
    <ClInclude Include="Bindable\TransformCbuf.h">
      <Filter>Bindable</Filter>
    </ClInclude>
    <ClInclude Include="Bindable\VertexBuffer.h">
      <Filter>Bindable</Filter>
    </ClInclude>
    <ClInclude Include="Bindable\VertexShader.h">
      <Filter>Bindable</Filter>
    </ClInclude>
    <ClInclude Include="Bindable\Bindable.h">
      <Filter>Bindable</Filter>
    </ClInclude>
    <ClInclude Include="Bindable\BindableCommon.h">
      <Filter>Bindable</Filter>
    </ClInclude>
    <ClInclude Include="Bindable\ConstantBuffers.h">
      <Filter>Bindable</Filter>
    </ClInclude>
    <ClInclude Include="Bindable\IndexBuffer.h">
      <Filter>Bindable</Filter>
    </ClInclude>
    <ClInclude Include="Drawable\Drawable.h">
      <Filter>Drawable</Filter>
    </ClInclude>
    <ClInclude Include="ErrorHandling\DxgiInfoManager.h">
      <Filter>ErrorHandling</Filter>
    </ClInclude>
    <ClInclude Include="ErrorHandling\GraphicsThrowMacros.h">
      <Filter>ErrorHandling</Filter>
    </ClInclude>
    <ClInclude Include="ErrorHandling\WindowsThrowMacros.h">
      <Filter>ErrorHandling</Filter>
    </ClInclude>
    <ClInclude Include="ErrorHandling\CustomException.h">
      <Filter>ErrorHandling</Filter>
    </ClInclude>
    <ClInclude Include="ErrorHandling\dxerr.h">
      <Filter>ErrorHandling</Filter>
    </ClInclude>
    <ClInclude Include="Utils\GameTimer.h">
      <Filter>Utils</Filter>
    </ClInclude>
    <ClInclude Include="Utils\CustomMath.h">
      <Filter>Utils</Filter>
    </ClInclude>
    <ClInclude Include="Windows\WindowsMessageMap.h">
      <Filter>Windows</Filter>
    </ClInclude>
    <ClInclude Include="Windows\Window.h">
      <Filter>Windows</Filter>
    </ClInclude>
    <ClInclude Include="Windows\WindowsHeader.h">
      <Filter>Windows</Filter>
    </ClInclude>
    <ClInclude Include="App.h">
      <Filter>Main</Filter>
    </ClInclude>
    <ClInclude Include="Graphics.h">
      <Filter>Main</Filter>
    </ClInclude>
    <ClInclude Include="Drawable\Primitive\IndexedTriangleList.h">
      <Filter>Drawable\Primitive</Filter>
    </ClInclude>
    <ClInclude Include="Drawable\Primitive\Sphere.h">
      <Filter>Drawable\Primitive</Filter>
    </ClInclude>
    <ClInclude Include="Input\Keyboard.h">
      <Filter>Input</Filter>
    </ClInclude>
    <ClInclude Include="Input\Mouse.h">
      <Filter>Input</Filter>
    </ClInclude>
    <ClInclude Include="resource.h">
      <Filter>Main</Filter>
    </ClInclude>
    <ClInclude Include="GDI+\Surface.h">
      <Filter>GDI+</Filter>
    </ClInclude>
    <ClInclude Include="GDI+\GDIPlusManager.h">
      <Filter>GDI+</Filter>
    </ClInclude>
    <ClInclude Include="Bindable\Texture.h">
      <Filter>Bindable</Filter>
    </ClInclude>
    <ClInclude Include="Bindable\Sampler.h">
      <Filter>Bindable</Filter>
    </ClInclude>
    <ClInclude Include="Imgui\imgui_impl_win32.h">
      <Filter>Imgui</Filter>
    </ClInclude>
    <ClInclude Include="Imgui\imgui_internal.h">
      <Filter>Imgui</Filter>
    </ClInclude>
    <ClInclude Include="Imgui\imstb_rectpack.h">
      <Filter>Imgui</Filter>
    </ClInclude>
    <ClInclude Include="Imgui\imstb_textedit.h">
      <Filter>Imgui</Filter>
    </ClInclude>
    <ClInclude Include="Imgui\imstb_truetype.h">
      <Filter>Imgui</Filter>
    </ClInclude>
    <ClInclude Include="Imgui\imconfig.h">
      <Filter>Imgui</Filter>
    </ClInclude>
    <ClInclude Include="Imgui\imgui.h">
      <Filter>Imgui</Filter>
    </ClInclude>
    <ClInclude Include="Imgui\imgui_impl_dx11.h">
      <Filter>Imgui</Filter>
    </ClInclude>
    <ClInclude Include="Imgui\ImguiManager.h">
      <Filter>Imgui</Filter>
    </ClInclude>
    <ClInclude Include="Utils\StringEncoding.h">
      <Filter>Utils</Filter>
    </ClInclude>
    <ClInclude Include="Camera.h">
      <Filter>Main</Filter>
    </ClInclude>
    <ClInclude Include="Drawable\SolidSphere.h">
      <Filter>Drawable</Filter>
    </ClInclude>
    <ClInclude Include="Light\PointLight.h">
      <Filter>Light</Filter>
    </ClInclude>
    <ClInclude Include="Bindable\Vertex.h">
      <Filter>Bindable</Filter>
    </ClInclude>
    <ClInclude Include="Drawable\Mesh.h">
      <Filter>Drawable</Filter>
    </ClInclude>
    <ClInclude Include="Color.h">
      <Filter>Main</Filter>
    </ClInclude>
    <ClInclude Include="ConditionalNoexcept.h">
      <Filter>Main</Filter>
    </ClInclude>
    <ClInclude Include="Bindable\BindableCodex.h">
      <Filter>Bindable</Filter>
    </ClInclude>
    <ClInclude Include="Drawable\Primitive\Plane.h">
      <Filter>Drawable\Primitive</Filter>
    </ClInclude>
    <ClInclude Include="Drawable\TestPlane.h">
      <Filter>Drawable</Filter>
    </ClInclude>
  </ItemGroup>
  <ItemGroup>
    <None Include="ErrorHandling\DXGetErrorDescription.inl">
      <Filter>ErrorHandling</Filter>
    </None>
    <None Include="ErrorHandling\DXGetErrorString.inl">
      <Filter>ErrorHandling</Filter>
    </None>
    <None Include="ErrorHandling\DXTrace.inl">
      <Filter>ErrorHandling</Filter>
    </None>
  </ItemGroup>
  <ItemGroup>
    <FxCompile Include="Shader\ColorIndexPS.hlsl">
      <Filter>Shader</Filter>
    </FxCompile>
    <FxCompile Include="Shader\ColorIndexVS.hlsl">
      <Filter>Shader</Filter>
    </FxCompile>
    <FxCompile Include="Shader\PhongVS.hlsl">
      <Filter>Shader</Filter>
    </FxCompile>
    <FxCompile Include="Shader\PhongPS.hlsl">
      <Filter>Shader</Filter>
    </FxCompile>
    <FxCompile Include="Shader\SolidVS.hlsl">
      <Filter>Shader</Filter>
    </FxCompile>
    <FxCompile Include="Shader\SolidPS.hlsl">
      <Filter>Shader</Filter>
    </FxCompile>
    <FxCompile Include="Shader\PhongPSSpecMap.hlsl">
      <Filter>Shader</Filter>
    </FxCompile>
  </ItemGroup>
  <ItemGroup>
    <ResourceCompile Include="DirectX11_App.rc">
      <Filter>리소스 파일</Filter>
    </ResourceCompile>
  </ItemGroup>
  <ItemGroup>
    <Image Include="Image\Win.ico">
      <Filter>리소스 파일</Filter>
    </Image>
  </ItemGroup>
</Project>