<?xml version="1.0" encoding="utf-8"?>
<Project ToolsVersion="4.0" xmlns="http://schemas.microsoft.com/developer/msbuild/2003">
  <ItemGroup>
    <Filter Include="소스 파일">
      <UniqueIdentifier>{4FC737F1-C7A5-4376-A066-2A32D752A2FF}</UniqueIdentifier>
      <Extensions>cpp;c;cc;cxx;c++;cppm;ixx;def;odl;idl;hpj;bat;asm;asmx</Extensions>
    </Filter>
    <Filter Include="헤더 파일">
      <UniqueIdentifier>{93995380-89BD-4b04-88EB-625FBE52EBFB}</UniqueIdentifier>
      <Extensions>h;hh;hpp;hxx;h++;hm;inl;inc;ipp;xsd</Extensions>
    </Filter>
    <Filter Include="리소스 파일">
      <UniqueIdentifier>{67DA6AB6-F800-4c08-8B7A-83BB121AAD01}</UniqueIdentifier>
      <Extensions>rc;ico;cur;bmp;dlg;rc2;rct;bin;rgs;gif;jpg;jpeg;jpe;resx;tiff;tif;png;wav;mfcribbon-ms</Extensions>
    </Filter>
    <Filter Include="Input">
      <UniqueIdentifier>{f036a5ce-fb29-4216-b328-1e02f18c8dd9}</UniqueIdentifier>
    </Filter>
    <Filter Include="Windows">
      <UniqueIdentifier>{92d029f9-d43b-4d56-a442-19b848596147}</UniqueIdentifier>
    </Filter>
    <Filter Include="ErrorHandling">
      <UniqueIdentifier>{a4f6e0ed-e058-4457-b1c7-5415f375c3dc}</UniqueIdentifier>
    </Filter>
    <Filter Include="Utils">
      <UniqueIdentifier>{18f90212-b1dd-49c0-aea4-0496f1649c09}</UniqueIdentifier>
    </Filter>
    <Filter Include="dxerr">
      <UniqueIdentifier>{3b2a1f7f-9ac1-42c1-a0df-c1ba6fa2746e}</UniqueIdentifier>
    </Filter>
    <Filter Include="Shader">
      <UniqueIdentifier>{abb4aaff-1e49-4337-94a3-38ac75b586c0}</UniqueIdentifier>
    </Filter>
  </ItemGroup>
  <ItemGroup>
    <ClCompile Include="WinMain.cpp">
      <Filter>소스 파일</Filter>
    </ClCompile>
    <ClCompile Include="Keyboard.cpp">
      <Filter>Input</Filter>
    </ClCompile>
    <ClCompile Include="Mouse.cpp">
      <Filter>Input</Filter>
    </ClCompile>
    <ClCompile Include="WindowsMessageMap.cpp">
      <Filter>Windows</Filter>
    </ClCompile>
    <ClCompile Include="Window.cpp">
      <Filter>Windows</Filter>
    </ClCompile>
    <ClCompile Include="CustomException.cpp">
      <Filter>ErrorHandling</Filter>
    </ClCompile>
    <ClCompile Include="App.cpp">
      <Filter>소스 파일</Filter>
    </ClCompile>
    <ClCompile Include="GameTimer.cpp">
      <Filter>Utils</Filter>
    </ClCompile>
    <ClCompile Include="Graphics.cpp">
      <Filter>소스 파일</Filter>
    </ClCompile>
    <ClCompile Include="dxerr.cpp">
      <Filter>dxerr</Filter>
    </ClCompile>
    <ClCompile Include="DxgiInfoManager.cpp">
      <Filter>Utils</Filter>
    </ClCompile>
  </ItemGroup>
  <ItemGroup>
    <ClInclude Include="resource.h">
      <Filter>헤더 파일</Filter>
    </ClInclude>
    <ClInclude Include="Keyboard.h">
      <Filter>Input</Filter>
    </ClInclude>
    <ClInclude Include="Mouse.h">
      <Filter>Input</Filter>
    </ClInclude>
    <ClInclude Include="Window.h">
      <Filter>Windows</Filter>
    </ClInclude>
    <ClInclude Include="WindowsHeader.h">
      <Filter>Windows</Filter>
    </ClInclude>
    <ClInclude Include="WindowsMessageMap.h">
      <Filter>Windows</Filter>
    </ClInclude>
    <ClInclude Include="CustomException.h">
      <Filter>ErrorHandling</Filter>
    </ClInclude>
    <ClInclude Include="App.h">
      <Filter>헤더 파일</Filter>
    </ClInclude>
    <ClInclude Include="GameTimer.h">
      <Filter>Utils</Filter>
    </ClInclude>
    <ClInclude Include="Graphics.h">
      <Filter>헤더 파일</Filter>
    </ClInclude>
    <ClInclude Include="dxerr.h">
      <Filter>dxerr</Filter>
    </ClInclude>
    <ClInclude Include="DxgiInfoManager.h">
      <Filter>Utils</Filter>
    </ClInclude>
    <ClInclude Include="WindowsThrowMacros.h">
      <Filter>Utils</Filter>
    </ClInclude>
    <ClInclude Include="GraphicsThrowMacros.h">
      <Filter>Utils</Filter>
    </ClInclude>
  </ItemGroup>
  <ItemGroup>
    <ResourceCompile Include="DirectX11_App.rc">
      <Filter>리소스 파일</Filter>
    </ResourceCompile>
  </ItemGroup>
  <ItemGroup>
    <Image Include="Win.ico">
      <Filter>리소스 파일</Filter>
    </Image>
  </ItemGroup>
  <ItemGroup>
    <None Include="DXGetErrorString.inl">
      <Filter>dxerr</Filter>
    </None>
    <None Include="DXTrace.inl">
      <Filter>dxerr</Filter>
    </None>
    <None Include="DXGetErrorDescription.inl">
      <Filter>dxerr</Filter>
    </None>
  </ItemGroup>
  <ItemGroup>
    <FxCompile Include="VertexShader.hlsl">
      <Filter>Shader</Filter>
    </FxCompile>
    <FxCompile Include="PixelShader.hlsl">
      <Filter>Shader</Filter>
    </FxCompile>
  </ItemGroup>
</Project>